
Microsoft Visual Studio Solution File, Format Version 12.00
# Visual Studio Version 16
VisualStudioVersion = 16.0.29709.97
MinimumVisualStudioVersion = 10.0.40219.1
Project("{FAE04EC0-301F-11D3-BF4B-00C04F79EFBC}") = "CONTROL_INVENTARIO", "CONTROL_INVENTARIO\CONTROL_INVENTARIO.csproj", "{363718C7-7EC2-42BF-9FEC-451A4E70F4EA}"
EndProject
Global
	GlobalSection(SolutionConfigurationPlatforms) = preSolution
		Debug|Any CPU = Debug|Any CPU
		Release|Any CPU = Release|Any CPU
	EndGlobalSection
	GlobalSection(ProjectConfigurationPlatforms) = postSolution
		{363718C7-7EC2-42BF-9FEC-451A4E70F4EA}.Debug|Any CPU.ActiveCfg = Debug|Any CPU
		{363718C7-7EC2-42BF-9FEC-451A4E70F4EA}.Debug|Any CPU.Build.0 = Debug|Any CPU
		{363718C7-7EC2-42BF-9FEC-451A4E70F4EA}.Release|Any CPU.ActiveCfg = Release|Any CPU
		{363718C7-7EC2-42BF-9FEC-451A4E70F4EA}.Release|Any CPU.Build.0 = Release|Any CPU
	EndGlobalSection
	GlobalSection(SolutionProperties) = preSolution
		HideSolutionNode = FALSE
	EndGlobalSection
	GlobalSection(ExtensibilityGlobals) = postSolution
		SolutionGuid = {57E4416E-D780-4F5A-AE9E-281750D72CAA}
	EndGlobalSection
EndGlobal
